# THIS IS AN AUTOGENERATED FILE. DO NOT EDIT THIS FILE DIRECTLY.
# yarn lockfile v1


react-native-flipper@>=0.212.0:
  version "0.212.0"
  resolved "https://registry.yarnpkg.com/react-native-flipper/-/react-native-flipper-0.212.0.tgz#b3fdd47676ecd09a25edd77a1466acace6276762"
  integrity sha512-bDRfIgE3v/jjEEdnvGP0T6maDD+bXhDAQ/SZUYTKd/CQ6YIU1c0EF+e0urU62LNMv6XEFQKz226McdddyVhYZA==
